{
  "pins" : [
    {
      "identity" : "swiftanthropic",
      "kind" : "remoteSourceControl",
      "location" : "https://github.com/jamesrochabrun/SwiftAnthropic",
      "state" : {
        "revision" : "a624abcf464117a0c113043d0b94f294b4bed4d1",
        "version" : "1.8.2"
      }
    },
    {
      "identity" : "swiftchatgpt",
      "kind" : "remoteSourceControl",
      "location" : "https://github.com/gdbing/SwiftChatGPT",
      "state" : {
        "revision" : "d29571b88bbad8d3e536eeffea23d2b13c1f1eba",
        "version" : "1.1.1"
      }
    }
  ],
  "version" : 2
}
