{
  "pins" : [
    {
      "identity" : "swiftanthropic",
      "kind" : "remoteSourceControl",
      "location" : "https://github.com/jamesrochabrun/SwiftAnthropic",
      "state" : {
        "revision" : "a624abcf464117a0c113043d0b94f294b4bed4d1",
        "version" : "1.8.2"
      }
    },
    {
      "identity" : "swiftopenai",
      "kind" : "remoteSourceControl",
      "location" : "https://github.com/jamesrochabrun/SwiftOpenAI",
      "state" : {
        "revision" : "4aa292a9a256fc1023d5092e3167562095d50f0a",
        "version" : "3.8.0"
      }
    }
  ],
  "version" : 2
}
