{
  "pins" : [
    {
      "identity" : "runestone",
      "kind" : "remoteSourceControl",
      "location" : "https://github.com/gdbing/Runestone",
      "state" : {
        "branch" : "main",
        "revision" : "599d8ae6cf3b5c0e80c223c225a3e327822f26e4"
      }
    },
    {
      "identity" : "swiftchatgpt",
      "kind" : "remoteSourceControl",
      "location" : "https://github.com/gdbing/SwiftChatGPT",
      "state" : {
        "revision" : "7fc039fef03ec365744fa07fac96cceddc4499e9",
        "version" : "1.1.0"
      }
    }
  ],
  "version" : 2
}
